// !$*UTF8*$!
{
	archiveVersion = 1;
	classes = {
	};
	objectVersion = 46;
	objects = {

/* Begin PBXBuildFile section */
		9809D8041AD4896C0086C25B /* AppDelegate.m in Sources */ = {isa = PBXBuildFile; fileRef = 9809D8031AD4896C0086C25B /* AppDelegate.m */; };
		9809D8061AD4896C0086C25B /* main.m in Sources */ = {isa = PBXBuildFile; fileRef = 9809D8051AD4896C0086C25B /* main.m */; };
		9809D80E1AD4896C0086C25B /* Images.xcassets in Resources */ = {isa = PBXBuildFile; fileRef = 9809D80D1AD4896C0086C25B /* Images.xcassets */; };
		9809D8111AD4896C0086C25B /* Main.storyboard in Resources */ = {isa = PBXBuildFile; fileRef = 9809D80F1AD4896C0086C25B /* Main.storyboard */; };
		9809D81D1AD4896C0086C25B /* MultimediaQueryTests.m in Sources */ = {isa = PBXBuildFile; fileRef = 9809D81C1AD4896C0086C25B /* MultimediaQueryTests.m */; };
		987FCAEE1AD715D5009BBDF7 /* MQBaseDescriptor.m in Sources */ = {isa = PBXBuildFile; fileRef = 987FCAED1AD715D5009BBDF7 /* MQBaseDescriptor.m */; };
		987FCAF11AD71604009BBDF7 /* MQImageDescriptor.m in Sources */ = {isa = PBXBuildFile; fileRef = 987FCAF01AD71604009BBDF7 /* MQImageDescriptor.m */; };
		987FCAF41AD71687009BBDF7 /* MQImageSignatrue.m in Sources */ = {isa = PBXBuildFile; fileRef = 987FCAF31AD71687009BBDF7 /* MQImageSignatrue.m */; };
		987FCAF81AD7279C009BBDF7 /* MQImageDescriptorGenerator.m in Sources */ = {isa = PBXBuildFile; fileRef = 987FCAF71AD7279C009BBDF7 /* MQImageDescriptorGenerator.m */; };
		987FCAFB1AD751E5009BBDF7 /* MQQueryVideoPreviewController.m in Sources */ = {isa = PBXBuildFile; fileRef = 987FCAFA1AD751E5009BBDF7 /* MQQueryVideoPreviewController.m */; };
		987FCAFF1AD754F1009BBDF7 /* AVDroppablePlayerView.m in Sources */ = {isa = PBXBuildFile; fileRef = 987FCAFE1AD754F1009BBDF7 /* AVDroppablePlayerView.m */; };
		987FCB011AD75FAC009BBDF7 /* VideoToolbox.framework in Frameworks */ = {isa = PBXBuildFile; fileRef = 987FCB001AD75FAC009BBDF7 /* VideoToolbox.framework */; };
		987FCB041AD7659D009BBDF7 /* QuartzCore.framework in Frameworks */ = {isa = PBXBuildFile; fileRef = 987FCB031AD7659D009BBDF7 /* QuartzCore.framework */; };
		987FCB061AD765F5009BBDF7 /* CorePlot.framework in Frameworks */ = {isa = PBXBuildFile; fileRef = 987FCB051AD765F5009BBDF7 /* CorePlot.framework */; };
		987FCB091AD7678E009BBDF7 /* MQImageDescriptorViewController.m in Sources */ = {isa = PBXBuildFile; fileRef = 987FCB081AD7678E009BBDF7 /* MQImageDescriptorViewController.m */; };
		987FCB0B1AD793C1009BBDF7 /* CorePlot.framework in CopyFiles */ = {isa = PBXBuildFile; fileRef = 987FCB051AD765F5009BBDF7 /* CorePlot.framework */; settings = {ATTRIBUTES = (CodeSignOnCopy, RemoveHeadersOnCopy, ); }; };
		987FCB0E1AD79F5E009BBDF7 /* MQRootSplitViewController.m in Sources */ = {isa = PBXBuildFile; fileRef = 987FCB0D1AD79F5E009BBDF7 /* MQRootSplitViewController.m */; };
		98853E861ADA2C68008015A2 /* MQMotionDescriptorController.m in Sources */ = {isa = PBXBuildFile; fileRef = 98853E851ADA2C68008015A2 /* MQMotionDescriptorController.m */; };
		98853E891ADA2CA3008015A2 /* MQMotionDescriptor.m in Sources */ = {isa = PBXBuildFile; fileRef = 98853E881ADA2CA3008015A2 /* MQMotionDescriptor.m */; };
		98853E8C1ADA344C008015A2 /* MQMotionSignature.m in Sources */ = {isa = PBXBuildFile; fileRef = 98853E8B1ADA344C008015A2 /* MQMotionSignature.m */; };
		98853E8F1ADA46AC008015A2 /* MQMotionDescriptorGenerator.m in Sources */ = {isa = PBXBuildFile; fileRef = 98853E8E1ADA46AC008015A2 /* MQMotionDescriptorGenerator.m */; };
		98853E921ADA46DF008015A2 /* MQImageBasedDescriptorGenerator.m in Sources */ = {isa = PBXBuildFile; fileRef = 98853E911ADA46DF008015A2 /* MQImageBasedDescriptorGenerator.m */; };
		98853E951ADA486E008015A2 /* MQBaseDescriptorGenerator.m in Sources */ = {isa = PBXBuildFile; fileRef = 98853E941ADA486E008015A2 /* MQBaseDescriptorGenerator.m */; };
		98D0A20A1AD49D910040DE9C /* AVKit.framework in Frameworks */ = {isa = PBXBuildFile; fileRef = 98D0A2091AD49D910040DE9C /* AVKit.framework */; };
		98D0A2101AD4B49A0040DE9C /* MQVideoGenerator.m in Sources */ = {isa = PBXBuildFile; fileRef = 98D0A20F1AD4B49A0040DE9C /* MQVideoGenerator.m */; };
		98D0A2121AD4B4D40040DE9C /* AVFoundation.framework in Frameworks */ = {isa = PBXBuildFile; fileRef = 98D0A2111AD4B4D40040DE9C /* AVFoundation.framework */; };
		98D0C2FA1AD5E8550040DE9C /* AppKit.framework in Frameworks */ = {isa = PBXBuildFile; fileRef = 98D0C2F91AD5E8550040DE9C /* AppKit.framework */; };
		98D0C2FE1AD60D8C0040DE9C /* MQVideo.m in Sources */ = {isa = PBXBuildFile; fileRef = 98D0C2FD1AD60D8C0040DE9C /* MQVideo.m */; };
		98D0C3021AD611FE0040DE9C /* MQQueryResultViewController.m in Sources */ = {isa = PBXBuildFile; fileRef = 98D0C3011AD611FE0040DE9C /* MQQueryResultViewController.m */; };
		98F7DDD81AD8BD1D00C01ACD /* MQIndicatorView.m in Sources */ = {isa = PBXBuildFile; fileRef = 98F7DDD71AD8BD1D00C01ACD /* MQIndicatorView.m */; };
		98F7DDDD1AD8BF4600C01ACD /* MQDescriptorViewController.m in Sources */ = {isa = PBXBuildFile; fileRef = 98F7DDDC1AD8BF4600C01ACD /* MQDescriptorViewController.m */; };
		98F7DDE01AD8C14100C01ACD /* MQSourceVideoPreviewController.m in Sources */ = {isa = PBXBuildFile; fileRef = 98F7DDDF1AD8C14100C01ACD /* MQSourceVideoPreviewController.m */; };
		98F7DDE31AD8D8FA00C01ACD /* MQBackgroundColorView.m in Sources */ = {isa = PBXBuildFile; fileRef = 98F7DDE21AD8D8FA00C01ACD /* MQBackgroundColorView.m */; };
		98FF11351AD646BB004A9E43 /* MQBrain.m in Sources */ = {isa = PBXBuildFile; fileRef = 98FF11341AD646BB004A9E43 /* MQBrain.m */; };
		98FF11391AD661D6004A9E43 /* NSNotificationCenter+Helper.m in Sources */ = {isa = PBXBuildFile; fileRef = 98FF11381AD661D6004A9E43 /* NSNotificationCenter+Helper.m */; };
		98FF113C1AD666F4004A9E43 /* MQVideoPreviewController.m in Sources */ = {isa = PBXBuildFile; fileRef = 98FF113B1AD666F4004A9E43 /* MQVideoPreviewController.m */; };
/* End PBXBuildFile section */

/* Begin PBXContainerItemProxy section */
		9809D8171AD4896C0086C25B /* PBXContainerItemProxy */ = {
			isa = PBXContainerItemProxy;
			containerPortal = 9809D7F51AD4896C0086C25B /* Project object */;
			proxyType = 1;
			remoteGlobalIDString = 9809D7FC1AD4896C0086C25B;
			remoteInfo = MultimediaQuery;
		};
/* End PBXContainerItemProxy section */

/* Begin PBXCopyFilesBuildPhase section */
		987FCB0A1AD793AC009BBDF7 /* CopyFiles */ = {
			isa = PBXCopyFilesBuildPhase;
			buildActionMask = 2147483647;
			dstPath = "";
			dstSubfolderSpec = 10;
			files = (
				987FCB0B1AD793C1009BBDF7 /* CorePlot.framework in CopyFiles */,
			);
			runOnlyForDeploymentPostprocessing = 0;
		};
/* End PBXCopyFilesBuildPhase section */

/* Begin PBXFileReference section */
		9809D7FD1AD4896C0086C25B /* MultimediaQuery.app */ = {isa = PBXFileReference; explicitFileType = wrapper.application; includeInIndex = 0; path = MultimediaQuery.app; sourceTree = BUILT_PRODUCTS_DIR; };
		9809D8011AD4896C0086C25B /* Info.plist */ = {isa = PBXFileReference; lastKnownFileType = text.plist.xml; path = Info.plist; sourceTree = "<group>"; };
		9809D8021AD4896C0086C25B /* AppDelegate.h */ = {isa = PBXFileReference; lastKnownFileType = sourcecode.c.h; path = AppDelegate.h; sourceTree = "<group>"; };
		9809D8031AD4896C0086C25B /* AppDelegate.m */ = {isa = PBXFileReference; lastKnownFileType = sourcecode.c.objc; path = AppDelegate.m; sourceTree = "<group>"; };
		9809D8051AD4896C0086C25B /* main.m */ = {isa = PBXFileReference; lastKnownFileType = sourcecode.c.objc; path = main.m; sourceTree = "<group>"; };
		9809D80D1AD4896C0086C25B /* Images.xcassets */ = {isa = PBXFileReference; lastKnownFileType = folder.assetcatalog; path = Images.xcassets; sourceTree = "<group>"; };
		9809D8101AD4896C0086C25B /* Base */ = {isa = PBXFileReference; lastKnownFileType = file.storyboard; name = Base; path = Base.lproj/Main.storyboard; sourceTree = "<group>"; };
		9809D8161AD4896C0086C25B /* MultimediaQueryTests.xctest */ = {isa = PBXFileReference; explicitFileType = wrapper.cfbundle; includeInIndex = 0; path = MultimediaQueryTests.xctest; sourceTree = BUILT_PRODUCTS_DIR; };
		9809D81B1AD4896C0086C25B /* Info.plist */ = {isa = PBXFileReference; lastKnownFileType = text.plist.xml; path = Info.plist; sourceTree = "<group>"; };
		9809D81C1AD4896C0086C25B /* MultimediaQueryTests.m */ = {isa = PBXFileReference; lastKnownFileType = sourcecode.c.objc; path = MultimediaQueryTests.m; sourceTree = "<group>"; };
		987FCAEC1AD715D5009BBDF7 /* MQBaseDescriptor.h */ = {isa = PBXFileReference; fileEncoding = 4; lastKnownFileType = sourcecode.c.h; path = MQBaseDescriptor.h; sourceTree = "<group>"; };
		987FCAED1AD715D5009BBDF7 /* MQBaseDescriptor.m */ = {isa = PBXFileReference; fileEncoding = 4; lastKnownFileType = sourcecode.c.objc; path = MQBaseDescriptor.m; sourceTree = "<group>"; };
		987FCAEF1AD71604009BBDF7 /* MQImageDescriptor.h */ = {isa = PBXFileReference; fileEncoding = 4; lastKnownFileType = sourcecode.c.h; path = MQImageDescriptor.h; sourceTree = "<group>"; };
		987FCAF01AD71604009BBDF7 /* MQImageDescriptor.m */ = {isa = PBXFileReference; fileEncoding = 4; lastKnownFileType = sourcecode.c.objc; path = MQImageDescriptor.m; sourceTree = "<group>"; };
		987FCAF21AD71687009BBDF7 /* MQImageSignatrue.h */ = {isa = PBXFileReference; fileEncoding = 4; lastKnownFileType = sourcecode.c.h; path = MQImageSignatrue.h; sourceTree = "<group>"; };
		987FCAF31AD71687009BBDF7 /* MQImageSignatrue.m */ = {isa = PBXFileReference; fileEncoding = 4; lastKnownFileType = sourcecode.c.objc; path = MQImageSignatrue.m; sourceTree = "<group>"; };
		987FCAF61AD7279C009BBDF7 /* MQImageDescriptorGenerator.h */ = {isa = PBXFileReference; fileEncoding = 4; lastKnownFileType = sourcecode.c.h; path = MQImageDescriptorGenerator.h; sourceTree = "<group>"; };
		987FCAF71AD7279C009BBDF7 /* MQImageDescriptorGenerator.m */ = {isa = PBXFileReference; fileEncoding = 4; lastKnownFileType = sourcecode.c.objc; path = MQImageDescriptorGenerator.m; sourceTree = "<group>"; };
		987FCAF91AD751E5009BBDF7 /* MQQueryVideoPreviewController.h */ = {isa = PBXFileReference; fileEncoding = 4; lastKnownFileType = sourcecode.c.h; path = MQQueryVideoPreviewController.h; sourceTree = "<group>"; };
		987FCAFA1AD751E5009BBDF7 /* MQQueryVideoPreviewController.m */ = {isa = PBXFileReference; fileEncoding = 4; lastKnownFileType = sourcecode.c.objc; path = MQQueryVideoPreviewController.m; sourceTree = "<group>"; };
		987FCAFD1AD754F1009BBDF7 /* AVDroppablePlayerView.h */ = {isa = PBXFileReference; fileEncoding = 4; lastKnownFileType = sourcecode.c.h; path = AVDroppablePlayerView.h; sourceTree = "<group>"; };
		987FCAFE1AD754F1009BBDF7 /* AVDroppablePlayerView.m */ = {isa = PBXFileReference; fileEncoding = 4; lastKnownFileType = sourcecode.c.objc; path = AVDroppablePlayerView.m; sourceTree = "<group>"; };
		987FCB001AD75FAC009BBDF7 /* VideoToolbox.framework */ = {isa = PBXFileReference; lastKnownFileType = wrapper.framework; name = VideoToolbox.framework; path = System/Library/Frameworks/VideoToolbox.framework; sourceTree = SDKROOT; };
		987FCB031AD7659D009BBDF7 /* QuartzCore.framework */ = {isa = PBXFileReference; lastKnownFileType = wrapper.framework; name = QuartzCore.framework; path = System/Library/Frameworks/QuartzCore.framework; sourceTree = SDKROOT; };
		987FCB051AD765F5009BBDF7 /* CorePlot.framework */ = {isa = PBXFileReference; lastKnownFileType = wrapper.framework; path = CorePlot.framework; sourceTree = "<group>"; };
		987FCB071AD7678E009BBDF7 /* MQImageDescriptorViewController.h */ = {isa = PBXFileReference; fileEncoding = 4; lastKnownFileType = sourcecode.c.h; path = MQImageDescriptorViewController.h; sourceTree = "<group>"; };
		987FCB081AD7678E009BBDF7 /* MQImageDescriptorViewController.m */ = {isa = PBXFileReference; fileEncoding = 4; lastKnownFileType = sourcecode.c.objc; path = MQImageDescriptorViewController.m; sourceTree = "<group>"; };
		987FCB0C1AD79F5E009BBDF7 /* MQRootSplitViewController.h */ = {isa = PBXFileReference; fileEncoding = 4; lastKnownFileType = sourcecode.c.h; path = MQRootSplitViewController.h; sourceTree = "<group>"; };
		987FCB0D1AD79F5E009BBDF7 /* MQRootSplitViewController.m */ = {isa = PBXFileReference; fileEncoding = 4; lastKnownFileType = sourcecode.c.objc; path = MQRootSplitViewController.m; sourceTree = "<group>"; };
		98853E841ADA2C68008015A2 /* MQMotionDescriptorController.h */ = {isa = PBXFileReference; fileEncoding = 4; lastKnownFileType = sourcecode.c.h; path = MQMotionDescriptorController.h; sourceTree = "<group>"; };
		98853E851ADA2C68008015A2 /* MQMotionDescriptorController.m */ = {isa = PBXFileReference; fileEncoding = 4; lastKnownFileType = sourcecode.c.objc; path = MQMotionDescriptorController.m; sourceTree = "<group>"; };
		98853E871ADA2CA3008015A2 /* MQMotionDescriptor.h */ = {isa = PBXFileReference; fileEncoding = 4; lastKnownFileType = sourcecode.c.h; path = MQMotionDescriptor.h; sourceTree = "<group>"; };
		98853E881ADA2CA3008015A2 /* MQMotionDescriptor.m */ = {isa = PBXFileReference; fileEncoding = 4; lastKnownFileType = sourcecode.c.objc; path = MQMotionDescriptor.m; sourceTree = "<group>"; };
		98853E8A1ADA344C008015A2 /* MQMotionSignature.h */ = {isa = PBXFileReference; fileEncoding = 4; lastKnownFileType = sourcecode.c.h; path = MQMotionSignature.h; sourceTree = "<group>"; };
		98853E8B1ADA344C008015A2 /* MQMotionSignature.m */ = {isa = PBXFileReference; fileEncoding = 4; lastKnownFileType = sourcecode.c.objc; path = MQMotionSignature.m; sourceTree = "<group>"; };
		98853E8D1ADA46AC008015A2 /* MQMotionDescriptorGenerator.h */ = {isa = PBXFileReference; fileEncoding = 4; lastKnownFileType = sourcecode.c.h; path = MQMotionDescriptorGenerator.h; sourceTree = "<group>"; };
		98853E8E1ADA46AC008015A2 /* MQMotionDescriptorGenerator.m */ = {isa = PBXFileReference; fileEncoding = 4; lastKnownFileType = sourcecode.c.objc; path = MQMotionDescriptorGenerator.m; sourceTree = "<group>"; };
		98853E901ADA46DF008015A2 /* MQImageBasedDescriptorGenerator.h */ = {isa = PBXFileReference; fileEncoding = 4; lastKnownFileType = sourcecode.c.h; path = MQImageBasedDescriptorGenerator.h; sourceTree = "<group>"; };
		98853E911ADA46DF008015A2 /* MQImageBasedDescriptorGenerator.m */ = {isa = PBXFileReference; fileEncoding = 4; lastKnownFileType = sourcecode.c.objc; path = MQImageBasedDescriptorGenerator.m; sourceTree = "<group>"; };
		98853E931ADA486E008015A2 /* MQBaseDescriptorGenerator.h */ = {isa = PBXFileReference; fileEncoding = 4; lastKnownFileType = sourcecode.c.h; path = MQBaseDescriptorGenerator.h; sourceTree = "<group>"; };
		98853E941ADA486E008015A2 /* MQBaseDescriptorGenerator.m */ = {isa = PBXFileReference; fileEncoding = 4; lastKnownFileType = sourcecode.c.objc; path = MQBaseDescriptorGenerator.m; sourceTree = "<group>"; };
		98D0A2091AD49D910040DE9C /* AVKit.framework */ = {isa = PBXFileReference; lastKnownFileType = wrapper.framework; name = AVKit.framework; path = System/Library/Frameworks/AVKit.framework; sourceTree = SDKROOT; };
		98D0A20E1AD4B49A0040DE9C /* MQVideoGenerator.h */ = {isa = PBXFileReference; fileEncoding = 4; lastKnownFileType = sourcecode.c.h; path = MQVideoGenerator.h; sourceTree = "<group>"; };
		98D0A20F1AD4B49A0040DE9C /* MQVideoGenerator.m */ = {isa = PBXFileReference; fileEncoding = 4; lastKnownFileType = sourcecode.c.objc; path = MQVideoGenerator.m; sourceTree = "<group>"; };
		98D0A2111AD4B4D40040DE9C /* AVFoundation.framework */ = {isa = PBXFileReference; lastKnownFileType = wrapper.framework; name = AVFoundation.framework; path = System/Library/Frameworks/AVFoundation.framework; sourceTree = SDKROOT; };
		98D0C2F91AD5E8550040DE9C /* AppKit.framework */ = {isa = PBXFileReference; lastKnownFileType = wrapper.framework; name = AppKit.framework; path = System/Library/Frameworks/AppKit.framework; sourceTree = SDKROOT; };
		98D0C2FC1AD60D8C0040DE9C /* MQVideo.h */ = {isa = PBXFileReference; fileEncoding = 4; lastKnownFileType = sourcecode.c.h; path = MQVideo.h; sourceTree = "<group>"; };
		98D0C2FD1AD60D8C0040DE9C /* MQVideo.m */ = {isa = PBXFileReference; fileEncoding = 4; lastKnownFileType = sourcecode.c.objc; path = MQVideo.m; sourceTree = "<group>"; };
		98D0C3001AD611FE0040DE9C /* MQQueryResultViewController.h */ = {isa = PBXFileReference; fileEncoding = 4; lastKnownFileType = sourcecode.c.h; path = MQQueryResultViewController.h; sourceTree = "<group>"; };
		98D0C3011AD611FE0040DE9C /* MQQueryResultViewController.m */ = {isa = PBXFileReference; fileEncoding = 4; lastKnownFileType = sourcecode.c.objc; path = MQQueryResultViewController.m; sourceTree = "<group>"; };
		98F7DDD61AD8BD1D00C01ACD /* MQIndicatorView.h */ = {isa = PBXFileReference; fileEncoding = 4; lastKnownFileType = sourcecode.c.h; path = MQIndicatorView.h; sourceTree = "<group>"; };
		98F7DDD71AD8BD1D00C01ACD /* MQIndicatorView.m */ = {isa = PBXFileReference; fileEncoding = 4; lastKnownFileType = sourcecode.c.objc; path = MQIndicatorView.m; sourceTree = "<group>"; };
		98F7DDDB1AD8BF4600C01ACD /* MQDescriptorViewController.h */ = {isa = PBXFileReference; fileEncoding = 4; lastKnownFileType = sourcecode.c.h; path = MQDescriptorViewController.h; sourceTree = "<group>"; };
		98F7DDDC1AD8BF4600C01ACD /* MQDescriptorViewController.m */ = {isa = PBXFileReference; fileEncoding = 4; lastKnownFileType = sourcecode.c.objc; path = MQDescriptorViewController.m; sourceTree = "<group>"; };
		98F7DDDE1AD8C14100C01ACD /* MQSourceVideoPreviewController.h */ = {isa = PBXFileReference; fileEncoding = 4; lastKnownFileType = sourcecode.c.h; path = MQSourceVideoPreviewController.h; sourceTree = "<group>"; };
		98F7DDDF1AD8C14100C01ACD /* MQSourceVideoPreviewController.m */ = {isa = PBXFileReference; fileEncoding = 4; lastKnownFileType = sourcecode.c.objc; path = MQSourceVideoPreviewController.m; sourceTree = "<group>"; };
		98F7DDE11AD8D8FA00C01ACD /* MQBackgroundColorView.h */ = {isa = PBXFileReference; fileEncoding = 4; lastKnownFileType = sourcecode.c.h; path = MQBackgroundColorView.h; sourceTree = "<group>"; };
		98F7DDE21AD8D8FA00C01ACD /* MQBackgroundColorView.m */ = {isa = PBXFileReference; fileEncoding = 4; lastKnownFileType = sourcecode.c.objc; path = MQBackgroundColorView.m; sourceTree = "<group>"; };
		98FF11331AD646BB004A9E43 /* MQBrain.h */ = {isa = PBXFileReference; fileEncoding = 4; lastKnownFileType = sourcecode.c.h; path = MQBrain.h; sourceTree = "<group>"; };
		98FF11341AD646BB004A9E43 /* MQBrain.m */ = {isa = PBXFileReference; fileEncoding = 4; lastKnownFileType = sourcecode.c.objc; path = MQBrain.m; sourceTree = "<group>"; };
		98FF11371AD661D6004A9E43 /* NSNotificationCenter+Helper.h */ = {isa = PBXFileReference; fileEncoding = 4; lastKnownFileType = sourcecode.c.h; path = "NSNotificationCenter+Helper.h"; sourceTree = "<group>"; };
		98FF11381AD661D6004A9E43 /* NSNotificationCenter+Helper.m */ = {isa = PBXFileReference; fileEncoding = 4; lastKnownFileType = sourcecode.c.objc; path = "NSNotificationCenter+Helper.m"; sourceTree = "<group>"; };
		98FF113A1AD666F4004A9E43 /* MQVideoPreviewController.h */ = {isa = PBXFileReference; fileEncoding = 4; lastKnownFileType = sourcecode.c.h; path = MQVideoPreviewController.h; sourceTree = "<group>"; };
		98FF113B1AD666F4004A9E43 /* MQVideoPreviewController.m */ = {isa = PBXFileReference; fileEncoding = 4; lastKnownFileType = sourcecode.c.objc; path = MQVideoPreviewController.m; sourceTree = "<group>"; };
/* End PBXFileReference section */

/* Begin PBXFrameworksBuildPhase section */
		9809D7FA1AD4896C0086C25B /* Frameworks */ = {
			isa = PBXFrameworksBuildPhase;
			buildActionMask = 2147483647;
			files = (
				987FCB061AD765F5009BBDF7 /* CorePlot.framework in Frameworks */,
				987FCB041AD7659D009BBDF7 /* QuartzCore.framework in Frameworks */,
				987FCB011AD75FAC009BBDF7 /* VideoToolbox.framework in Frameworks */,
				98D0C2FA1AD5E8550040DE9C /* AppKit.framework in Frameworks */,
				98D0A2121AD4B4D40040DE9C /* AVFoundation.framework in Frameworks */,
				98D0A20A1AD49D910040DE9C /* AVKit.framework in Frameworks */,
			);
			runOnlyForDeploymentPostprocessing = 0;
		};
		9809D8131AD4896C0086C25B /* Frameworks */ = {
			isa = PBXFrameworksBuildPhase;
			buildActionMask = 2147483647;
			files = (
			);
			runOnlyForDeploymentPostprocessing = 0;
		};
/* End PBXFrameworksBuildPhase section */

/* Begin PBXGroup section */
		9809D7F41AD4896C0086C25B = {
			isa = PBXGroup;
			children = (
				9809D7FF1AD4896C0086C25B /* MultimediaQuery */,
				9809D8191AD4896C0086C25B /* MultimediaQueryTests */,
				9809D7FE1AD4896C0086C25B /* Products */,
				987FCB021AD75FBD009BBDF7 /* Frameworks */,
			);
			sourceTree = "<group>";
		};
		9809D7FE1AD4896C0086C25B /* Products */ = {
			isa = PBXGroup;
			children = (
				9809D7FD1AD4896C0086C25B /* MultimediaQuery.app */,
				9809D8161AD4896C0086C25B /* MultimediaQueryTests.xctest */,
			);
			name = Products;
			sourceTree = "<group>";
		};
		9809D7FF1AD4896C0086C25B /* MultimediaQuery */ = {
			isa = PBXGroup;
			children = (
				987FCAFC1AD754CA009BBDF7 /* Views */,
				987FCAF51AD71813009BBDF7 /* Generator */,
				98FF11361AD661A0004A9E43 /* Helper */,
				98D0C2FF1AD611DC0040DE9C /* Controllers */,
				98D0C2FB1AD5F84B0040DE9C /* Models */,
				9809D8001AD4896C0086C25B /* Supporting Files */,
			);
			path = MultimediaQuery;
			sourceTree = "<group>";
		};
		9809D8001AD4896C0086C25B /* Supporting Files */ = {
			isa = PBXGroup;
			children = (
				9809D80D1AD4896C0086C25B /* Images.xcassets */,
				9809D80F1AD4896C0086C25B /* Main.storyboard */,
				9809D8021AD4896C0086C25B /* AppDelegate.h */,
				9809D8031AD4896C0086C25B /* AppDelegate.m */,
				9809D8011AD4896C0086C25B /* Info.plist */,
				9809D8051AD4896C0086C25B /* main.m */,
			);
			name = "Supporting Files";
			sourceTree = "<group>";
		};
		9809D8191AD4896C0086C25B /* MultimediaQueryTests */ = {
			isa = PBXGroup;
			children = (
				9809D81C1AD4896C0086C25B /* MultimediaQueryTests.m */,
				9809D81A1AD4896C0086C25B /* Supporting Files */,
			);
			path = MultimediaQueryTests;
			sourceTree = "<group>";
		};
		9809D81A1AD4896C0086C25B /* Supporting Files */ = {
			isa = PBXGroup;
			children = (
				9809D81B1AD4896C0086C25B /* Info.plist */,
			);
			name = "Supporting Files";
			sourceTree = "<group>";
		};
		987FCAF51AD71813009BBDF7 /* Generator */ = {
			isa = PBXGroup;
			children = (
				98D0A20E1AD4B49A0040DE9C /* MQVideoGenerator.h */,
				98D0A20F1AD4B49A0040DE9C /* MQVideoGenerator.m */,
				987FCAF61AD7279C009BBDF7 /* MQImageDescriptorGenerator.h */,
				987FCAF71AD7279C009BBDF7 /* MQImageDescriptorGenerator.m */,
				98853E8D1ADA46AC008015A2 /* MQMotionDescriptorGenerator.h */,
				98853E8E1ADA46AC008015A2 /* MQMotionDescriptorGenerator.m */,
				98853E901ADA46DF008015A2 /* MQImageBasedDescriptorGenerator.h */,
				98853E911ADA46DF008015A2 /* MQImageBasedDescriptorGenerator.m */,
				98853E931ADA486E008015A2 /* MQBaseDescriptorGenerator.h */,
				98853E941ADA486E008015A2 /* MQBaseDescriptorGenerator.m */,
			);
			name = Generator;
			sourceTree = "<group>";
		};
		987FCAFC1AD754CA009BBDF7 /* Views */ = {
			isa = PBXGroup;
			children = (
				987FCAFD1AD754F1009BBDF7 /* AVDroppablePlayerView.h */,
				987FCAFE1AD754F1009BBDF7 /* AVDroppablePlayerView.m */,
				98F7DDD61AD8BD1D00C01ACD /* MQIndicatorView.h */,
				98F7DDD71AD8BD1D00C01ACD /* MQIndicatorView.m */,
				98F7DDE11AD8D8FA00C01ACD /* MQBackgroundColorView.h */,
				98F7DDE21AD8D8FA00C01ACD /* MQBackgroundColorView.m */,
			);
			name = Views;
			sourceTree = "<group>";
		};
		987FCB021AD75FBD009BBDF7 /* Frameworks */ = {
			isa = PBXGroup;
			children = (
				987FCB051AD765F5009BBDF7 /* CorePlot.framework */,
				987FCB031AD7659D009BBDF7 /* QuartzCore.framework */,
				987FCB001AD75FAC009BBDF7 /* VideoToolbox.framework */,
				98D0C2F91AD5E8550040DE9C /* AppKit.framework */,
				98D0A2111AD4B4D40040DE9C /* AVFoundation.framework */,
				98D0A2091AD49D910040DE9C /* AVKit.framework */,
			);
			name = Frameworks;
			path = MultimediaQuery;
			sourceTree = "<group>";
		};
		98D0C2FB1AD5F84B0040DE9C /* Models */ = {
			isa = PBXGroup;
			children = (
				98D0C2FC1AD60D8C0040DE9C /* MQVideo.h */,
				98D0C2FD1AD60D8C0040DE9C /* MQVideo.m */,
				98FF11331AD646BB004A9E43 /* MQBrain.h */,
				98FF11341AD646BB004A9E43 /* MQBrain.m */,
				987FCAEC1AD715D5009BBDF7 /* MQBaseDescriptor.h */,
				987FCAED1AD715D5009BBDF7 /* MQBaseDescriptor.m */,
				987FCAEF1AD71604009BBDF7 /* MQImageDescriptor.h */,
				987FCAF01AD71604009BBDF7 /* MQImageDescriptor.m */,
				987FCAF21AD71687009BBDF7 /* MQImageSignatrue.h */,
				987FCAF31AD71687009BBDF7 /* MQImageSignatrue.m */,
				98853E871ADA2CA3008015A2 /* MQMotionDescriptor.h */,
				98853E881ADA2CA3008015A2 /* MQMotionDescriptor.m */,
				98853E8A1ADA344C008015A2 /* MQMotionSignature.h */,
				98853E8B1ADA344C008015A2 /* MQMotionSignature.m */,
			);
			name = Models;
			sourceTree = "<group>";
		};
		98D0C2FF1AD611DC0040DE9C /* Controllers */ = {
			isa = PBXGroup;
			children = (
				98D0C3001AD611FE0040DE9C /* MQQueryResultViewController.h */,
				98D0C3011AD611FE0040DE9C /* MQQueryResultViewController.m */,
				98FF113A1AD666F4004A9E43 /* MQVideoPreviewController.h */,
				98FF113B1AD666F4004A9E43 /* MQVideoPreviewController.m */,
				987FCAF91AD751E5009BBDF7 /* MQQueryVideoPreviewController.h */,
				987FCAFA1AD751E5009BBDF7 /* MQQueryVideoPreviewController.m */,
				987FCB071AD7678E009BBDF7 /* MQImageDescriptorViewController.h */,
				987FCB081AD7678E009BBDF7 /* MQImageDescriptorViewController.m */,
				987FCB0C1AD79F5E009BBDF7 /* MQRootSplitViewController.h */,
				987FCB0D1AD79F5E009BBDF7 /* MQRootSplitViewController.m */,
				98F7DDDB1AD8BF4600C01ACD /* MQDescriptorViewController.h */,
				98F7DDDC1AD8BF4600C01ACD /* MQDescriptorViewController.m */,
				98F7DDDE1AD8C14100C01ACD /* MQSourceVideoPreviewController.h */,
				98F7DDDF1AD8C14100C01ACD /* MQSourceVideoPreviewController.m */,
				98853E841ADA2C68008015A2 /* MQMotionDescriptorController.h */,
				98853E851ADA2C68008015A2 /* MQMotionDescriptorController.m */,
			);
			name = Controllers;
			sourceTree = "<group>";
		};
		98FF11361AD661A0004A9E43 /* Helper */ = {
			isa = PBXGroup;
			children = (
				98FF11371AD661D6004A9E43 /* NSNotificationCenter+Helper.h */,
				98FF11381AD661D6004A9E43 /* NSNotificationCenter+Helper.m */,
			);
			name = Helper;
			sourceTree = "<group>";
		};
/* End PBXGroup section */

/* Begin PBXNativeTarget section */
		9809D7FC1AD4896C0086C25B /* MultimediaQuery */ = {
			isa = PBXNativeTarget;
			buildConfigurationList = 9809D8201AD4896C0086C25B /* Build configuration list for PBXNativeTarget "MultimediaQuery" */;
			buildPhases = (
				9809D7F91AD4896C0086C25B /* Sources */,
				9809D7FA1AD4896C0086C25B /* Frameworks */,
				9809D7FB1AD4896C0086C25B /* Resources */,
				987FCB0A1AD793AC009BBDF7 /* CopyFiles */,
			);
			buildRules = (
			);
			dependencies = (
			);
			name = MultimediaQuery;
			productName = MultimediaQuery;
			productReference = 9809D7FD1AD4896C0086C25B /* MultimediaQuery.app */;
			productType = "com.apple.product-type.application";
		};
		9809D8151AD4896C0086C25B /* MultimediaQueryTests */ = {
			isa = PBXNativeTarget;
			buildConfigurationList = 9809D8231AD4896C0086C25B /* Build configuration list for PBXNativeTarget "MultimediaQueryTests" */;
			buildPhases = (
				9809D8121AD4896C0086C25B /* Sources */,
				9809D8131AD4896C0086C25B /* Frameworks */,
				9809D8141AD4896C0086C25B /* Resources */,
			);
			buildRules = (
			);
			dependencies = (
				9809D8181AD4896C0086C25B /* PBXTargetDependency */,
			);
			name = MultimediaQueryTests;
			productName = MultimediaQueryTests;
			productReference = 9809D8161AD4896C0086C25B /* MultimediaQueryTests.xctest */;
			productType = "com.apple.product-type.bundle.unit-test";
		};
/* End PBXNativeTarget section */

/* Begin PBXProject section */
		9809D7F51AD4896C0086C25B /* Project object */ = {
			isa = PBXProject;
			attributes = {
				LastUpgradeCheck = 0620;
				ORGANIZATIONNAME = zichuanwang;
				TargetAttributes = {
					9809D7FC1AD4896C0086C25B = {
						CreatedOnToolsVersion = 6.2;
					};
					9809D8151AD4896C0086C25B = {
						CreatedOnToolsVersion = 6.2;
						TestTargetID = 9809D7FC1AD4896C0086C25B;
					};
				};
			};
			buildConfigurationList = 9809D7F81AD4896C0086C25B /* Build configuration list for PBXProject "MultimediaQuery" */;
			compatibilityVersion = "Xcode 3.2";
			developmentRegion = English;
			hasScannedForEncodings = 0;
			knownRegions = (
				en,
				Base,
			);
			mainGroup = 9809D7F41AD4896C0086C25B;
			productRefGroup = 9809D7FE1AD4896C0086C25B /* Products */;
			projectDirPath = "";
			projectRoot = "";
			targets = (
				9809D7FC1AD4896C0086C25B /* MultimediaQuery */,
				9809D8151AD4896C0086C25B /* MultimediaQueryTests */,
			);
		};
/* End PBXProject section */

/* Begin PBXResourcesBuildPhase section */
		9809D7FB1AD4896C0086C25B /* Resources */ = {
			isa = PBXResourcesBuildPhase;
			buildActionMask = 2147483647;
			files = (
				9809D80E1AD4896C0086C25B /* Images.xcassets in Resources */,
				9809D8111AD4896C0086C25B /* Main.storyboard in Resources */,
			);
			runOnlyForDeploymentPostprocessing = 0;
		};
		9809D8141AD4896C0086C25B /* Resources */ = {
			isa = PBXResourcesBuildPhase;
			buildActionMask = 2147483647;
			files = (
			);
			runOnlyForDeploymentPostprocessing = 0;
		};
/* End PBXResourcesBuildPhase section */

/* Begin PBXSourcesBuildPhase section */
		9809D7F91AD4896C0086C25B /* Sources */ = {
			isa = PBXSourcesBuildPhase;
			buildActionMask = 2147483647;
			files = (
				98FF113C1AD666F4004A9E43 /* MQVideoPreviewController.m in Sources */,
				98853E8C1ADA344C008015A2 /* MQMotionSignature.m in Sources */,
				98D0A2101AD4B49A0040DE9C /* MQVideoGenerator.m in Sources */,
				98F7DDE31AD8D8FA00C01ACD /* MQBackgroundColorView.m in Sources */,
				987FCAF11AD71604009BBDF7 /* MQImageDescriptor.m in Sources */,
				987FCB0E1AD79F5E009BBDF7 /* MQRootSplitViewController.m in Sources */,
				98D0C2FE1AD60D8C0040DE9C /* MQVideo.m in Sources */,
				98F7DDE01AD8C14100C01ACD /* MQSourceVideoPreviewController.m in Sources */,
				98F7DDDD1AD8BF4600C01ACD /* MQDescriptorViewController.m in Sources */,
				98D0C3021AD611FE0040DE9C /* MQQueryResultViewController.m in Sources */,
				98853E8F1ADA46AC008015A2 /* MQMotionDescriptorGenerator.m in Sources */,
				98FF11391AD661D6004A9E43 /* NSNotificationCenter+Helper.m in Sources */,
				98853E861ADA2C68008015A2 /* MQMotionDescriptorController.m in Sources */,
				987FCAF41AD71687009BBDF7 /* MQImageSignatrue.m in Sources */,
				987FCAFB1AD751E5009BBDF7 /* MQQueryVideoPreviewController.m in Sources */,
				987FCAFF1AD754F1009BBDF7 /* AVDroppablePlayerView.m in Sources */,
				987FCAEE1AD715D5009BBDF7 /* MQBaseDescriptor.m in Sources */,
				98FF11351AD646BB004A9E43 /* MQBrain.m in Sources */,
				9809D8061AD4896C0086C25B /* main.m in Sources */,
				98853E921ADA46DF008015A2 /* MQImageBasedDescriptorGenerator.m in Sources */,
				98F7DDD81AD8BD1D00C01ACD /* MQIndicatorView.m in Sources */,
				987FCAF81AD7279C009BBDF7 /* MQImageDescriptorGenerator.m in Sources */,
				9809D8041AD4896C0086C25B /* AppDelegate.m in Sources */,
				98853E951ADA486E008015A2 /* MQBaseDescriptorGenerator.m in Sources */,
				98853E891ADA2CA3008015A2 /* MQMotionDescriptor.m in Sources */,
				987FCB091AD7678E009BBDF7 /* MQImageDescriptorViewController.m in Sources */,
			);
			runOnlyForDeploymentPostprocessing = 0;
		};
		9809D8121AD4896C0086C25B /* Sources */ = {
			isa = PBXSourcesBuildPhase;
			buildActionMask = 2147483647;
			files = (
				9809D81D1AD4896C0086C25B /* MultimediaQueryTests.m in Sources */,
			);
			runOnlyForDeploymentPostprocessing = 0;
		};
/* End PBXSourcesBuildPhase section */

/* Begin PBXTargetDependency section */
		9809D8181AD4896C0086C25B /* PBXTargetDependency */ = {
			isa = PBXTargetDependency;
			target = 9809D7FC1AD4896C0086C25B /* MultimediaQuery */;
			targetProxy = 9809D8171AD4896C0086C25B /* PBXContainerItemProxy */;
		};
/* End PBXTargetDependency section */

/* Begin PBXVariantGroup section */
		9809D80F1AD4896C0086C25B /* Main.storyboard */ = {
			isa = PBXVariantGroup;
			children = (
				9809D8101AD4896C0086C25B /* Base */,
			);
			name = Main.storyboard;
			sourceTree = "<group>";
		};
/* End PBXVariantGroup section */

/* Begin XCBuildConfiguration section */
		9809D81E1AD4896C0086C25B /* Debug */ = {
			isa = XCBuildConfiguration;
			buildSettings = {
				ALWAYS_SEARCH_USER_PATHS = NO;
				CLANG_CXX_LANGUAGE_STANDARD = "gnu++0x";
				CLANG_CXX_LIBRARY = "libc++";
				CLANG_ENABLE_MODULES = YES;
				CLANG_ENABLE_OBJC_ARC = YES;
				CLANG_WARN_BOOL_CONVERSION = YES;
				CLANG_WARN_CONSTANT_CONVERSION = YES;
				CLANG_WARN_DIRECT_OBJC_ISA_USAGE = YES_ERROR;
				CLANG_WARN_EMPTY_BODY = YES;
				CLANG_WARN_ENUM_CONVERSION = YES;
				CLANG_WARN_INT_CONVERSION = YES;
				CLANG_WARN_OBJC_ROOT_CLASS = YES_ERROR;
				CLANG_WARN_UNREACHABLE_CODE = YES;
				CLANG_WARN__DUPLICATE_METHOD_MATCH = YES;
				CODE_SIGN_IDENTITY = "-";
				COPY_PHASE_STRIP = NO;
				ENABLE_STRICT_OBJC_MSGSEND = YES;
				GCC_C_LANGUAGE_STANDARD = gnu99;
				GCC_DYNAMIC_NO_PIC = NO;
				GCC_OPTIMIZATION_LEVEL = 0;
				GCC_PREPROCESSOR_DEFINITIONS = (
					"DEBUG=1",
					"$(inherited)",
				);
				GCC_SYMBOLS_PRIVATE_EXTERN = NO;
				GCC_WARN_64_TO_32_BIT_CONVERSION = YES;
				GCC_WARN_ABOUT_RETURN_TYPE = YES_ERROR;
				GCC_WARN_UNDECLARED_SELECTOR = YES;
				GCC_WARN_UNINITIALIZED_AUTOS = YES_AGGRESSIVE;
				GCC_WARN_UNUSED_FUNCTION = YES;
				GCC_WARN_UNUSED_VARIABLE = YES;
				MACOSX_DEPLOYMENT_TARGET = 10.10;
				MTL_ENABLE_DEBUG_INFO = YES;
				ONLY_ACTIVE_ARCH = YES;
				SDKROOT = macosx;
			};
			name = Debug;
		};
		9809D81F1AD4896C0086C25B /* Release */ = {
			isa = XCBuildConfiguration;
			buildSettings = {
				ALWAYS_SEARCH_USER_PATHS = NO;
				CLANG_CXX_LANGUAGE_STANDARD = "gnu++0x";
				CLANG_CXX_LIBRARY = "libc++";
				CLANG_ENABLE_MODULES = YES;
				CLANG_ENABLE_OBJC_ARC = YES;
				CLANG_WARN_BOOL_CONVERSION = YES;
				CLANG_WARN_CONSTANT_CONVERSION = YES;
				CLANG_WARN_DIRECT_OBJC_ISA_USAGE = YES_ERROR;
				CLANG_WARN_EMPTY_BODY = YES;
				CLANG_WARN_ENUM_CONVERSION = YES;
				CLANG_WARN_INT_CONVERSION = YES;
				CLANG_WARN_OBJC_ROOT_CLASS = YES_ERROR;
				CLANG_WARN_UNREACHABLE_CODE = YES;
				CLANG_WARN__DUPLICATE_METHOD_MATCH = YES;
				CODE_SIGN_IDENTITY = "-";
				COPY_PHASE_STRIP = NO;
				DEBUG_INFORMATION_FORMAT = "dwarf-with-dsym";
				ENABLE_NS_ASSERTIONS = NO;
				ENABLE_STRICT_OBJC_MSGSEND = YES;
				GCC_C_LANGUAGE_STANDARD = gnu99;
				GCC_WARN_64_TO_32_BIT_CONVERSION = YES;
				GCC_WARN_ABOUT_RETURN_TYPE = YES_ERROR;
				GCC_WARN_UNDECLARED_SELECTOR = YES;
				GCC_WARN_UNINITIALIZED_AUTOS = YES_AGGRESSIVE;
				GCC_WARN_UNUSED_FUNCTION = YES;
				GCC_WARN_UNUSED_VARIABLE = YES;
				MACOSX_DEPLOYMENT_TARGET = 10.10;
				MTL_ENABLE_DEBUG_INFO = NO;
				SDKROOT = macosx;
			};
			name = Release;
		};
		9809D8211AD4896C0086C25B /* Debug */ = {
			isa = XCBuildConfiguration;
			buildSettings = {
				ASSETCATALOG_COMPILER_APPICON_NAME = AppIcon;
				CODE_SIGN_IDENTITY = "";
				COMBINE_HIDPI_IMAGES = YES;
				FRAMEWORK_SEARCH_PATHS = (
					"$(inherited)",
					"$(PROJECT_DIR)/MultimediaQuery",
				);
				INFOPLIST_FILE = MultimediaQuery/Info.plist;
				LD_RUNPATH_SEARCH_PATHS = "$(inherited) @executable_path/../Frameworks";
				OTHER_LDFLAGS = (
					"-ObjC",
					"-all_load",
				);
				PRODUCT_NAME = "$(TARGET_NAME)";
			};
			name = Debug;
		};
		9809D8221AD4896C0086C25B /* Release */ = {
			isa = XCBuildConfiguration;
			buildSettings = {
				ASSETCATALOG_COMPILER_APPICON_NAME = AppIcon;
				CODE_SIGN_IDENTITY = "";
				COMBINE_HIDPI_IMAGES = YES;
				FRAMEWORK_SEARCH_PATHS = (
					"$(inherited)",
					"$(PROJECT_DIR)/MultimediaQuery",
				);
				INFOPLIST_FILE = MultimediaQuery/Info.plist;
				LD_RUNPATH_SEARCH_PATHS = "$(inherited) @executable_path/../Frameworks";
				OTHER_LDFLAGS = (
					"-ObjC",
					"-all_load",
				);
				PRODUCT_NAME = "$(TARGET_NAME)";
			};
			name = Release;
		};
		9809D8241AD4896C0086C25B /* Debug */ = {
			isa = XCBuildConfiguration;
			buildSettings = {
				BUNDLE_LOADER = "$(TEST_HOST)";
				COMBINE_HIDPI_IMAGES = YES;
				FRAMEWORK_SEARCH_PATHS = (
					"$(DEVELOPER_FRAMEWORKS_DIR)",
					"$(inherited)",
				);
				GCC_PREPROCESSOR_DEFINITIONS = (
					"DEBUG=1",
					"$(inherited)",
				);
				INFOPLIST_FILE = MultimediaQueryTests/Info.plist;
				LD_RUNPATH_SEARCH_PATHS = "$(inherited) @executable_path/../Frameworks @loader_path/../Frameworks";
				PRODUCT_NAME = "$(TARGET_NAME)";
				TEST_HOST = "$(BUILT_PRODUCTS_DIR)/MultimediaQuery.app/Contents/MacOS/MultimediaQuery";
			};
			name = Debug;
		};
		9809D8251AD4896C0086C25B /* Release */ = {
			isa = XCBuildConfiguration;
			buildSettings = {
				BUNDLE_LOADER = "$(TEST_HOST)";
				COMBINE_HIDPI_IMAGES = YES;
				FRAMEWORK_SEARCH_PATHS = (
					"$(DEVELOPER_FRAMEWORKS_DIR)",
					"$(inherited)",
				);
				INFOPLIST_FILE = MultimediaQueryTests/Info.plist;
				LD_RUNPATH_SEARCH_PATHS = "$(inherited) @executable_path/../Frameworks @loader_path/../Frameworks";
				PRODUCT_NAME = "$(TARGET_NAME)";
				TEST_HOST = "$(BUILT_PRODUCTS_DIR)/MultimediaQuery.app/Contents/MacOS/MultimediaQuery";
			};
			name = Release;
		};
/* End XCBuildConfiguration section */

/* Begin XCConfigurationList section */
		9809D7F81AD4896C0086C25B /* Build configuration list for PBXProject "MultimediaQuery" */ = {
			isa = XCConfigurationList;
			buildConfigurations = (
				9809D81E1AD4896C0086C25B /* Debug */,
				9809D81F1AD4896C0086C25B /* Release */,
			);
			defaultConfigurationIsVisible = 0;
			defaultConfigurationName = Release;
		};
		9809D8201AD4896C0086C25B /* Build configuration list for PBXNativeTarget "MultimediaQuery" */ = {
			isa = XCConfigurationList;
			buildConfigurations = (
				9809D8211AD4896C0086C25B /* Debug */,
				9809D8221AD4896C0086C25B /* Release */,
			);
			defaultConfigurationIsVisible = 0;
			defaultConfigurationName = Release;
		};
		9809D8231AD4896C0086C25B /* Build configuration list for PBXNativeTarget "MultimediaQueryTests" */ = {
			isa = XCConfigurationList;
			buildConfigurations = (
				9809D8241AD4896C0086C25B /* Debug */,
				9809D8251AD4896C0086C25B /* Release */,
			);
			defaultConfigurationIsVisible = 0;
			defaultConfigurationName = Release;
		};
/* End XCConfigurationList section */
	};
	rootObject = 9809D7F51AD4896C0086C25B /* Project object */;
}
